// !$*UTF8*$!
{
	archiveVersion = 1;
	classes = {
	};
	objectVersion = 55;
	objects = {

/* Begin PBXBuildFile section */
		9306ACFE275838AE00D86719 /* PlayableRoutineTask.swift in Sources */ = {isa = PBXBuildFile; fileRef = 9306ACFD275838AE00D86719 /* PlayableRoutineTask.swift */; };
		9306AD002758399D00D86719 /* PlayableRoutineTree.swift in Sources */ = {isa = PBXBuildFile; fileRef = 9306ACFF2758399D00D86719 /* PlayableRoutineTree.swift */; };
		9306AD0227583A2B00D86719 /* TaskExtension.swift in Sources */ = {isa = PBXBuildFile; fileRef = 9306AD0127583A2B00D86719 /* TaskExtension.swift */; };
		93091EBC275981EB009D08D0 /* UIGCheckBox.swift in Sources */ = {isa = PBXBuildFile; fileRef = 93091EBB275981EB009D08D0 /* UIGCheckBox.swift */; };
		93091EBE27598E2D009D08D0 /* RoutinePreferenceView.swift in Sources */ = {isa = PBXBuildFile; fileRef = 93091EBD27598E2D009D08D0 /* RoutinePreferenceView.swift */; };
		930E5E89274880FA0028B41E /* StartTaskEditView.swift in Sources */ = {isa = PBXBuildFile; fileRef = 930E5E88274880FA0028B41E /* StartTaskEditView.swift */; };
		930E5E8B274886460028B41E /* AddNewTaskButton.swift in Sources */ = {isa = PBXBuildFile; fileRef = 930E5E8A274886460028B41E /* AddNewTaskButton.swift */; };
		931235772756DFE90042EF70 /* CompletedView.swift in Sources */ = {isa = PBXBuildFile; fileRef = 931235762756DFE90042EF70 /* CompletedView.swift */; };
		931235792756E0960042EF70 /* StandbyView.swift in Sources */ = {isa = PBXBuildFile; fileRef = 931235782756E0960042EF70 /* StandbyView.swift */; };
		9312357B2756E20B0042EF70 /* ChevronUpDownBar.swift in Sources */ = {isa = PBXBuildFile; fileRef = 9312357A2756E20B0042EF70 /* ChevronUpDownBar.swift */; };
		93179A1D275DDD5300E2D777 /* NumberField.swift in Sources */ = {isa = PBXBuildFile; fileRef = 93179A1C275DDD5300E2D777 /* NumberField.swift */; };
		931891EF27369927007E2C5E /* Tests_iOS.swift in Sources */ = {isa = PBXBuildFile; fileRef = 931891EE27369927007E2C5E /* Tests_iOS.swift */; };
		931891F127369927007E2C5E /* Tests_iOSLaunchTests.swift in Sources */ = {isa = PBXBuildFile; fileRef = 931891F027369927007E2C5E /* Tests_iOSLaunchTests.swift */; };
		931891FB27369927007E2C5E /* Tests_macOS.swift in Sources */ = {isa = PBXBuildFile; fileRef = 931891FA27369927007E2C5E /* Tests_macOS.swift */; };
		931891FD27369927007E2C5E /* Tests_macOSLaunchTests.swift in Sources */ = {isa = PBXBuildFile; fileRef = 931891FC27369927007E2C5E /* Tests_macOSLaunchTests.swift */; };
		931891FE27369927007E2C5E /* RoutineTreeApp.swift in Sources */ = {isa = PBXBuildFile; fileRef = 931891D627369926007E2C5E /* RoutineTreeApp.swift */; };
		931891FF27369927007E2C5E /* RoutineTreeApp.swift in Sources */ = {isa = PBXBuildFile; fileRef = 931891D627369926007E2C5E /* RoutineTreeApp.swift */; };
		9318920027369927007E2C5E /* ContentView.swift in Sources */ = {isa = PBXBuildFile; fileRef = 931891D727369926007E2C5E /* ContentView.swift */; };
		9318920127369927007E2C5E /* ContentView.swift in Sources */ = {isa = PBXBuildFile; fileRef = 931891D727369926007E2C5E /* ContentView.swift */; };
		9318920227369927007E2C5E /* Assets.xcassets in Resources */ = {isa = PBXBuildFile; fileRef = 931891D827369927007E2C5E /* Assets.xcassets */; };
		9318920327369927007E2C5E /* Assets.xcassets in Resources */ = {isa = PBXBuildFile; fileRef = 931891D827369927007E2C5E /* Assets.xcassets */; };
		9318922827369EC6007E2C5E /* RoutineTask.swift in Sources */ = {isa = PBXBuildFile; fileRef = 9318922727369EC6007E2C5E /* RoutineTask.swift */; };
		9318922A2736A04B007E2C5E /* TaskId.swift in Sources */ = {isa = PBXBuildFile; fileRef = 931892292736A04B007E2C5E /* TaskId.swift */; };
		9318922E2736B82C007E2C5E /* RoutineTree.swift in Sources */ = {isa = PBXBuildFile; fileRef = 9318922D2736B82C007E2C5E /* RoutineTree.swift */; };
		931892302736B835007E2C5E /* RoutineId.swift in Sources */ = {isa = PBXBuildFile; fileRef = 9318922F2736B835007E2C5E /* RoutineId.swift */; };
		931CCDBD275B6E9B00114A77 /* RoutineNodeView.swift in Sources */ = {isa = PBXBuildFile; fileRef = 931CCDBC275B6E9B00114A77 /* RoutineNodeView.swift */; };
		931CCDBF275B784000114A77 /* RoutinePlayItemView.swift in Sources */ = {isa = PBXBuildFile; fileRef = 931CCDBE275B784000114A77 /* RoutinePlayItemView.swift */; };
		931CCDC1275BA1DB00114A77 /* ReminderLikeColorPicker.swift in Sources */ = {isa = PBXBuildFile; fileRef = 931CCDC0275BA1DB00114A77 /* ReminderLikeColorPicker.swift */; };
		932624A22748D1030078FA02 /* TaskTreeRootView.swift in Sources */ = {isa = PBXBuildFile; fileRef = 932624A12748D1030078FA02 /* TaskTreeRootView.swift */; };
		93278747275CF343006C9651 /* RoutineAddingView.swift in Sources */ = {isa = PBXBuildFile; fileRef = 93278746275CF343006C9651 /* RoutineAddingView.swift */; };
		93278749275CF5CD006C9651 /* MinSecPicker.swift in Sources */ = {isa = PBXBuildFile; fileRef = 93278748275CF5CD006C9651 /* MinSecPicker.swift */; };
		932C30BC274CD81500D2DBA0 /* StartTaskNodeView.swift in Sources */ = {isa = PBXBuildFile; fileRef = 932C30BB274CD81500D2DBA0 /* StartTaskNodeView.swift */; };
		932C30BE274CF51600D2DBA0 /* TaskPlayingView.swift in Sources */ = {isa = PBXBuildFile; fileRef = 932C30BD274CF51600D2DBA0 /* TaskPlayingView.swift */; };
		932C30C0274D0C0900D2DBA0 /* RoutinePlayer.swift in Sources */ = {isa = PBXBuildFile; fileRef = 932C30BF274D0C0900D2DBA0 /* RoutinePlayer.swift */; };
		932D6C622757AA8F00048D80 /* RoutineTreeInteractor.swift in Sources */ = {isa = PBXBuildFile; fileRef = 932D6C612757AA8F00048D80 /* RoutineTreeInteractor.swift */; };
		93328029275E139100C3F4DD /* TaskNodeStyle.swift in Sources */ = {isa = PBXBuildFile; fileRef = 93328028275E139100C3F4DD /* TaskNodeStyle.swift */; };
		9337A28D27564CFB004D10D5 /* UIGTextField.swift in Sources */ = {isa = PBXBuildFile; fileRef = 9337A28C27564CFB004D10D5 /* UIGTextField.swift */; };
		9340AA4D274EFA1A0030C766 /* Line.swift in Sources */ = {isa = PBXBuildFile; fileRef = 9340AA4C274EFA1A0030C766 /* Line.swift */; };
		9340AA4F274EFA530030C766 /* CollectDict.swift in Sources */ = {isa = PBXBuildFile; fileRef = 9340AA4E274EFA530030C766 /* CollectDict.swift */; };
		9367A1D8273BE61300ED54E2 /* RoutineView.swift in Sources */ = {isa = PBXBuildFile; fileRef = 9367A1D7273BE61300ED54E2 /* RoutineView.swift */; };
		93876D0A274530C300201CF8 /* TaskTreeView.swift in Sources */ = {isa = PBXBuildFile; fileRef = 93876D09274530C300201CF8 /* TaskTreeView.swift */; };
		93B72875273C034F00121435 /* TaskType.swift in Sources */ = {isa = PBXBuildFile; fileRef = 93B72874273C034F00121435 /* TaskType.swift */; };
		93CEFBE42754FE5600F9F76E /* RoutineEditView.swift in Sources */ = {isa = PBXBuildFile; fileRef = 93CEFBE32754FE5600F9F76E /* RoutineEditView.swift */; };
		93FF6DD62747216B00A2A210 /* RoutinePlayingView.swift in Sources */ = {isa = PBXBuildFile; fileRef = 93FF6DD52747216B00A2A210 /* RoutinePlayingView.swift */; };
/* End PBXBuildFile section */

/* Begin PBXContainerItemProxy section */
		931891EB27369927007E2C5E /* PBXContainerItemProxy */ = {
			isa = PBXContainerItemProxy;
			containerPortal = 931891D127369926007E2C5E /* Project object */;
			proxyType = 1;
			remoteGlobalIDString = 931891DC27369927007E2C5E;
			remoteInfo = "RoutineTree (iOS)";
		};
		931891F727369927007E2C5E /* PBXContainerItemProxy */ = {
			isa = PBXContainerItemProxy;
			containerPortal = 931891D127369926007E2C5E /* Project object */;
			proxyType = 1;
			remoteGlobalIDString = 931891E227369927007E2C5E;
			remoteInfo = "RoutineTree (macOS)";
		};
/* End PBXContainerItemProxy section */

/* Begin PBXFileReference section */
		9306ACFD275838AE00D86719 /* PlayableRoutineTask.swift */ = {isa = PBXFileReference; lastKnownFileType = sourcecode.swift; path = PlayableRoutineTask.swift; sourceTree = "<group>"; };
		9306ACFF2758399D00D86719 /* PlayableRoutineTree.swift */ = {isa = PBXFileReference; lastKnownFileType = sourcecode.swift; path = PlayableRoutineTree.swift; sourceTree = "<group>"; };
		9306AD0127583A2B00D86719 /* TaskExtension.swift */ = {isa = PBXFileReference; lastKnownFileType = sourcecode.swift; path = TaskExtension.swift; sourceTree = "<group>"; };
		93091EBB275981EB009D08D0 /* UIGCheckBox.swift */ = {isa = PBXFileReference; lastKnownFileType = sourcecode.swift; path = UIGCheckBox.swift; sourceTree = "<group>"; };
		93091EBD27598E2D009D08D0 /* RoutinePreferenceView.swift */ = {isa = PBXFileReference; lastKnownFileType = sourcecode.swift; path = RoutinePreferenceView.swift; sourceTree = "<group>"; };
		930E5E88274880FA0028B41E /* StartTaskEditView.swift */ = {isa = PBXFileReference; lastKnownFileType = sourcecode.swift; path = StartTaskEditView.swift; sourceTree = "<group>"; };
		930E5E8A274886460028B41E /* AddNewTaskButton.swift */ = {isa = PBXFileReference; lastKnownFileType = sourcecode.swift; path = AddNewTaskButton.swift; sourceTree = "<group>"; };
		931235762756DFE90042EF70 /* CompletedView.swift */ = {isa = PBXFileReference; lastKnownFileType = sourcecode.swift; path = CompletedView.swift; sourceTree = "<group>"; };
		931235782756E0960042EF70 /* StandbyView.swift */ = {isa = PBXFileReference; lastKnownFileType = sourcecode.swift; path = StandbyView.swift; sourceTree = "<group>"; };
		9312357A2756E20B0042EF70 /* ChevronUpDownBar.swift */ = {isa = PBXFileReference; lastKnownFileType = sourcecode.swift; path = ChevronUpDownBar.swift; sourceTree = "<group>"; };
		93179A1C275DDD5300E2D777 /* NumberField.swift */ = {isa = PBXFileReference; lastKnownFileType = sourcecode.swift; path = NumberField.swift; sourceTree = "<group>"; };
		931891D627369926007E2C5E /* RoutineTreeApp.swift */ = {isa = PBXFileReference; lastKnownFileType = sourcecode.swift; path = RoutineTreeApp.swift; sourceTree = "<group>"; };
		931891D727369926007E2C5E /* ContentView.swift */ = {isa = PBXFileReference; lastKnownFileType = sourcecode.swift; path = ContentView.swift; sourceTree = "<group>"; };
		931891D827369927007E2C5E /* Assets.xcassets */ = {isa = PBXFileReference; lastKnownFileType = folder.assetcatalog; path = Assets.xcassets; sourceTree = "<group>"; };
		931891DD27369927007E2C5E /* RoutineTree.app */ = {isa = PBXFileReference; explicitFileType = wrapper.application; includeInIndex = 0; path = RoutineTree.app; sourceTree = BUILT_PRODUCTS_DIR; };
		931891E327369927007E2C5E /* RoutineTree.app */ = {isa = PBXFileReference; explicitFileType = wrapper.application; includeInIndex = 0; path = RoutineTree.app; sourceTree = BUILT_PRODUCTS_DIR; };
		931891E527369927007E2C5E /* macOS.entitlements */ = {isa = PBXFileReference; lastKnownFileType = text.plist.entitlements; path = macOS.entitlements; sourceTree = "<group>"; };
		931891EA27369927007E2C5E /* Tests iOS.xctest */ = {isa = PBXFileReference; explicitFileType = wrapper.cfbundle; includeInIndex = 0; path = "Tests iOS.xctest"; sourceTree = BUILT_PRODUCTS_DIR; };
		931891EE27369927007E2C5E /* Tests_iOS.swift */ = {isa = PBXFileReference; lastKnownFileType = sourcecode.swift; path = Tests_iOS.swift; sourceTree = "<group>"; };
		931891F027369927007E2C5E /* Tests_iOSLaunchTests.swift */ = {isa = PBXFileReference; lastKnownFileType = sourcecode.swift; path = Tests_iOSLaunchTests.swift; sourceTree = "<group>"; };
		931891F627369927007E2C5E /* Tests macOS.xctest */ = {isa = PBXFileReference; explicitFileType = wrapper.cfbundle; includeInIndex = 0; path = "Tests macOS.xctest"; sourceTree = BUILT_PRODUCTS_DIR; };
		931891FA27369927007E2C5E /* Tests_macOS.swift */ = {isa = PBXFileReference; lastKnownFileType = sourcecode.swift; path = Tests_macOS.swift; sourceTree = "<group>"; };
		931891FC27369927007E2C5E /* Tests_macOSLaunchTests.swift */ = {isa = PBXFileReference; lastKnownFileType = sourcecode.swift; path = Tests_macOSLaunchTests.swift; sourceTree = "<group>"; };
		9318922727369EC6007E2C5E /* RoutineTask.swift */ = {isa = PBXFileReference; lastKnownFileType = sourcecode.swift; path = RoutineTask.swift; sourceTree = "<group>"; };
		931892292736A04B007E2C5E /* TaskId.swift */ = {isa = PBXFileReference; lastKnownFileType = sourcecode.swift; path = TaskId.swift; sourceTree = "<group>"; };
		9318922D2736B82C007E2C5E /* RoutineTree.swift */ = {isa = PBXFileReference; lastKnownFileType = sourcecode.swift; path = RoutineTree.swift; sourceTree = "<group>"; };
		9318922F2736B835007E2C5E /* RoutineId.swift */ = {isa = PBXFileReference; lastKnownFileType = sourcecode.swift; path = RoutineId.swift; sourceTree = "<group>"; };
		931CCDBC275B6E9B00114A77 /* RoutineNodeView.swift */ = {isa = PBXFileReference; lastKnownFileType = sourcecode.swift; path = RoutineNodeView.swift; sourceTree = "<group>"; };
		931CCDBE275B784000114A77 /* RoutinePlayItemView.swift */ = {isa = PBXFileReference; lastKnownFileType = sourcecode.swift; path = RoutinePlayItemView.swift; sourceTree = "<group>"; };
		931CCDC0275BA1DB00114A77 /* ReminderLikeColorPicker.swift */ = {isa = PBXFileReference; lastKnownFileType = sourcecode.swift; path = ReminderLikeColorPicker.swift; sourceTree = "<group>"; };
		932624A12748D1030078FA02 /* TaskTreeRootView.swift */ = {isa = PBXFileReference; lastKnownFileType = sourcecode.swift; path = TaskTreeRootView.swift; sourceTree = "<group>"; };
		93278746275CF343006C9651 /* RoutineAddingView.swift */ = {isa = PBXFileReference; lastKnownFileType = sourcecode.swift; path = RoutineAddingView.swift; sourceTree = "<group>"; };
		93278748275CF5CD006C9651 /* MinSecPicker.swift */ = {isa = PBXFileReference; lastKnownFileType = sourcecode.swift; path = MinSecPicker.swift; sourceTree = "<group>"; };
		932C30BB274CD81500D2DBA0 /* StartTaskNodeView.swift */ = {isa = PBXFileReference; lastKnownFileType = sourcecode.swift; path = StartTaskNodeView.swift; sourceTree = "<group>"; };
		932C30BD274CF51600D2DBA0 /* TaskPlayingView.swift */ = {isa = PBXFileReference; lastKnownFileType = sourcecode.swift; path = TaskPlayingView.swift; sourceTree = "<group>"; };
		932C30BF274D0C0900D2DBA0 /* RoutinePlayer.swift */ = {isa = PBXFileReference; lastKnownFileType = sourcecode.swift; path = RoutinePlayer.swift; sourceTree = "<group>"; };
		932D6C612757AA8F00048D80 /* RoutineTreeInteractor.swift */ = {isa = PBXFileReference; lastKnownFileType = sourcecode.swift; path = RoutineTreeInteractor.swift; sourceTree = "<group>"; };
		93328028275E139100C3F4DD /* TaskNodeStyle.swift */ = {isa = PBXFileReference; lastKnownFileType = sourcecode.swift; path = TaskNodeStyle.swift; sourceTree = "<group>"; };
		9337A28C27564CFB004D10D5 /* UIGTextField.swift */ = {isa = PBXFileReference; lastKnownFileType = sourcecode.swift; path = UIGTextField.swift; sourceTree = "<group>"; };
		9340AA4C274EFA1A0030C766 /* Line.swift */ = {isa = PBXFileReference; lastKnownFileType = sourcecode.swift; path = Line.swift; sourceTree = "<group>"; };
		9340AA4E274EFA530030C766 /* CollectDict.swift */ = {isa = PBXFileReference; lastKnownFileType = sourcecode.swift; path = CollectDict.swift; sourceTree = "<group>"; };
		9367A1D7273BE61300ED54E2 /* RoutineView.swift */ = {isa = PBXFileReference; lastKnownFileType = sourcecode.swift; path = RoutineView.swift; sourceTree = "<group>"; };
		93876D09274530C300201CF8 /* TaskTreeView.swift */ = {isa = PBXFileReference; lastKnownFileType = sourcecode.swift; path = TaskTreeView.swift; sourceTree = "<group>"; };
		93B72874273C034F00121435 /* TaskType.swift */ = {isa = PBXFileReference; lastKnownFileType = sourcecode.swift; path = TaskType.swift; sourceTree = "<group>"; };
		93CEFBE32754FE5600F9F76E /* RoutineEditView.swift */ = {isa = PBXFileReference; lastKnownFileType = sourcecode.swift; path = RoutineEditView.swift; sourceTree = "<group>"; };
		93FF6DD52747216B00A2A210 /* RoutinePlayingView.swift */ = {isa = PBXFileReference; lastKnownFileType = sourcecode.swift; path = RoutinePlayingView.swift; sourceTree = "<group>"; };
/* End PBXFileReference section */

/* Begin PBXFrameworksBuildPhase section */
		931891DA27369927007E2C5E /* Frameworks */ = {
			isa = PBXFrameworksBuildPhase;
			buildActionMask = 2147483647;
			files = (
			);
			runOnlyForDeploymentPostprocessing = 0;
		};
		931891E027369927007E2C5E /* Frameworks */ = {
			isa = PBXFrameworksBuildPhase;
			buildActionMask = 2147483647;
			files = (
			);
			runOnlyForDeploymentPostprocessing = 0;
		};
		931891E727369927007E2C5E /* Frameworks */ = {
			isa = PBXFrameworksBuildPhase;
			buildActionMask = 2147483647;
			files = (
			);
			runOnlyForDeploymentPostprocessing = 0;
		};
		931891F327369927007E2C5E /* Frameworks */ = {
			isa = PBXFrameworksBuildPhase;
			buildActionMask = 2147483647;
			files = (
			);
			runOnlyForDeploymentPostprocessing = 0;
		};
/* End PBXFrameworksBuildPhase section */

/* Begin PBXGroup section */
		930F7A592754456C00B91597 /* Modifiers */ = {
			isa = PBXGroup;
			children = (
				93328028275E139100C3F4DD /* TaskNodeStyle.swift */,
			);
			path = Modifiers;
			sourceTree = "<group>";
		};
		931235752756DFC30042EF70 /* PlayerParts */ = {
			isa = PBXGroup;
			children = (
				931235762756DFE90042EF70 /* CompletedView.swift */,
				931235782756E0960042EF70 /* StandbyView.swift */,
				9312357A2756E20B0042EF70 /* ChevronUpDownBar.swift */,
			);
			path = PlayerParts;
			sourceTree = "<group>";
		};
		931891D027369926007E2C5E = {
			isa = PBXGroup;
			children = (
				931891D527369926007E2C5E /* Shared */,
				931891E427369927007E2C5E /* macOS */,
				931891ED27369927007E2C5E /* Tests iOS */,
				931891F927369927007E2C5E /* Tests macOS */,
				931891DE27369927007E2C5E /* Products */,
			);
			sourceTree = "<group>";
		};
		931891D527369926007E2C5E /* Shared */ = {
			isa = PBXGroup;
			children = (
				931891D627369926007E2C5E /* RoutineTreeApp.swift */,
				93B72874273C034F00121435 /* TaskType.swift */,
				93B72872273C00F600121435 /* Plugins */,
				931891D827369927007E2C5E /* Assets.xcassets */,
				9318921227369982007E2C5E /* View */,
				9318921A27369B70007E2C5E /* Router */,
				93189214273699AC007E2C5E /* Usecase */,
				93189215273699C2007E2C5E /* Entity */,
			);
			path = Shared;
			sourceTree = "<group>";
		};
		931891DE27369927007E2C5E /* Products */ = {
			isa = PBXGroup;
			children = (
				931891DD27369927007E2C5E /* RoutineTree.app */,
				931891E327369927007E2C5E /* RoutineTree.app */,
				931891EA27369927007E2C5E /* Tests iOS.xctest */,
				931891F627369927007E2C5E /* Tests macOS.xctest */,
			);
			name = Products;
			sourceTree = "<group>";
		};
		931891E427369927007E2C5E /* macOS */ = {
			isa = PBXGroup;
			children = (
				931891E527369927007E2C5E /* macOS.entitlements */,
			);
			path = macOS;
			sourceTree = "<group>";
		};
		931891ED27369927007E2C5E /* Tests iOS */ = {
			isa = PBXGroup;
			children = (
				931891EE27369927007E2C5E /* Tests_iOS.swift */,
				931891F027369927007E2C5E /* Tests_iOSLaunchTests.swift */,
			);
			path = "Tests iOS";
			sourceTree = "<group>";
		};
		931891F927369927007E2C5E /* Tests macOS */ = {
			isa = PBXGroup;
			children = (
				931891FA27369927007E2C5E /* Tests_macOS.swift */,
				931891FC27369927007E2C5E /* Tests_macOSLaunchTests.swift */,
			);
			path = "Tests macOS";
			sourceTree = "<group>";
		};
		9318921227369982007E2C5E /* View */ = {
			isa = PBXGroup;
			children = (
				930E5E8A274886460028B41E /* AddNewTaskButton.swift */,
				931235752756DFC30042EF70 /* PlayerParts */,
				9337A28B27564CCD004D10D5 /* UIGVIews */,
				9337A28A27564C88004D10D5 /* TreeParts */,
				930F7A592754456C00B91597 /* Modifiers */,
				931891D727369926007E2C5E /* ContentView.swift */,
				9367A1D7273BE61300ED54E2 /* RoutineView.swift */,
				932624A12748D1030078FA02 /* TaskTreeRootView.swift */,
				93876D09274530C300201CF8 /* TaskTreeView.swift */,
				932C30BF274D0C0900D2DBA0 /* RoutinePlayer.swift */,
				93FF6DD52747216B00A2A210 /* RoutinePlayingView.swift */,
				932C30BD274CF51600D2DBA0 /* TaskPlayingView.swift */,
				93091EBD27598E2D009D08D0 /* RoutinePreferenceView.swift */,
			);
			path = View;
			sourceTree = "<group>";
		};
		93189214273699AC007E2C5E /* Usecase */ = {
			isa = PBXGroup;
			children = (
				932D6C612757AA8F00048D80 /* RoutineTreeInteractor.swift */,
			);
			path = Usecase;
			sourceTree = "<group>";
		};
		93189215273699C2007E2C5E /* Entity */ = {
			isa = PBXGroup;
			children = (
				931892292736A04B007E2C5E /* TaskId.swift */,
				9306ACFF2758399D00D86719 /* PlayableRoutineTree.swift */,
				9318922727369EC6007E2C5E /* RoutineTask.swift */,
				9318922D2736B82C007E2C5E /* RoutineTree.swift */,
				9318922F2736B835007E2C5E /* RoutineId.swift */,
				9306ACFD275838AE00D86719 /* PlayableRoutineTask.swift */,
			);
			path = Entity;
			sourceTree = "<group>";
		};
		9318921A27369B70007E2C5E /* Router */ = {
			isa = PBXGroup;
			children = (
			);
			path = Router;
			sourceTree = "<group>";
		};
		9337A28A27564C88004D10D5 /* TreeParts */ = {
			isa = PBXGroup;
			children = (
				9340AA4C274EFA1A0030C766 /* Line.swift */,
				9340AA4E274EFA530030C766 /* CollectDict.swift */,
			);
			path = TreeParts;
			sourceTree = "<group>";
		};
		9337A28B27564CCD004D10D5 /* UIGVIews */ = {
			isa = PBXGroup;
			children = (
				9337A28C27564CFB004D10D5 /* UIGTextField.swift */,
				93278748275CF5CD006C9651 /* MinSecPicker.swift */,
				93179A1C275DDD5300E2D777 /* NumberField.swift */,
				93091EBB275981EB009D08D0 /* UIGCheckBox.swift */,
				931CCDC0275BA1DB00114A77 /* ReminderLikeColorPicker.swift */,
			);
			path = UIGVIews;
			sourceTree = "<group>";
		};
		93B72872273C00F600121435 /* Plugins */ = {
			isa = PBXGroup;
			children = (
				9306AD0127583A2B00D86719 /* TaskExtension.swift */,
				93FF6DD22747166D00A2A210 /* StartTask */,
				93CEFBE32754FE5600F9F76E /* RoutineEditView.swift */,
				93278746275CF343006C9651 /* RoutineAddingView.swift */,
				931CCDBC275B6E9B00114A77 /* RoutineNodeView.swift */,
				931CCDBE275B784000114A77 /* RoutinePlayItemView.swift */,
			);
			path = Plugins;
			sourceTree = "<group>";
		};
		93FF6DD22747166D00A2A210 /* StartTask */ = {
			isa = PBXGroup;
			children = (
				930E5E88274880FA0028B41E /* StartTaskEditView.swift */,
				932C30BB274CD81500D2DBA0 /* StartTaskNodeView.swift */,
			);
			path = StartTask;
			sourceTree = "<group>";
		};
/* End PBXGroup section */

/* Begin PBXNativeTarget section */
		931891DC27369927007E2C5E /* RoutineTree (iOS) */ = {
			isa = PBXNativeTarget;
			buildConfigurationList = 9318920627369927007E2C5E /* Build configuration list for PBXNativeTarget "RoutineTree (iOS)" */;
			buildPhases = (
				931891D927369927007E2C5E /* Sources */,
				931891DA27369927007E2C5E /* Frameworks */,
				931891DB27369927007E2C5E /* Resources */,
			);
			buildRules = (
			);
			dependencies = (
			);
			name = "RoutineTree (iOS)";
			productName = "RoutineTree (iOS)";
			productReference = 931891DD27369927007E2C5E /* RoutineTree.app */;
			productType = "com.apple.product-type.application";
		};
		931891E227369927007E2C5E /* RoutineTree (macOS) */ = {
			isa = PBXNativeTarget;
			buildConfigurationList = 9318920927369927007E2C5E /* Build configuration list for PBXNativeTarget "RoutineTree (macOS)" */;
			buildPhases = (
				931891DF27369927007E2C5E /* Sources */,
				931891E027369927007E2C5E /* Frameworks */,
				931891E127369927007E2C5E /* Resources */,
			);
			buildRules = (
			);
			dependencies = (
			);
			name = "RoutineTree (macOS)";
			productName = "RoutineTree (macOS)";
			productReference = 931891E327369927007E2C5E /* RoutineTree.app */;
			productType = "com.apple.product-type.application";
		};
		931891E927369927007E2C5E /* Tests iOS */ = {
			isa = PBXNativeTarget;
			buildConfigurationList = 9318920C27369927007E2C5E /* Build configuration list for PBXNativeTarget "Tests iOS" */;
			buildPhases = (
				931891E627369927007E2C5E /* Sources */,
				931891E727369927007E2C5E /* Frameworks */,
				931891E827369927007E2C5E /* Resources */,
			);
			buildRules = (
			);
			dependencies = (
				931891EC27369927007E2C5E /* PBXTargetDependency */,
			);
			name = "Tests iOS";
			productName = "Tests iOS";
			productReference = 931891EA27369927007E2C5E /* Tests iOS.xctest */;
			productType = "com.apple.product-type.bundle.ui-testing";
		};
		931891F527369927007E2C5E /* Tests macOS */ = {
			isa = PBXNativeTarget;
			buildConfigurationList = 9318920F27369927007E2C5E /* Build configuration list for PBXNativeTarget "Tests macOS" */;
			buildPhases = (
				931891F227369927007E2C5E /* Sources */,
				931891F327369927007E2C5E /* Frameworks */,
				931891F427369927007E2C5E /* Resources */,
			);
			buildRules = (
			);
			dependencies = (
				931891F827369927007E2C5E /* PBXTargetDependency */,
			);
			name = "Tests macOS";
			productName = "Tests macOS";
			productReference = 931891F627369927007E2C5E /* Tests macOS.xctest */;
			productType = "com.apple.product-type.bundle.ui-testing";
		};
/* End PBXNativeTarget section */

/* Begin PBXProject section */
		931891D127369926007E2C5E /* Project object */ = {
			isa = PBXProject;
			attributes = {
				BuildIndependentTargetsInParallel = 1;
				LastSwiftUpdateCheck = 1310;
				LastUpgradeCheck = 1310;
				TargetAttributes = {
					931891DC27369927007E2C5E = {
						CreatedOnToolsVersion = 13.1;
					};
					931891E227369927007E2C5E = {
						CreatedOnToolsVersion = 13.1;
					};
					931891E927369927007E2C5E = {
						CreatedOnToolsVersion = 13.1;
						TestTargetID = 931891DC27369927007E2C5E;
					};
					931891F527369927007E2C5E = {
						CreatedOnToolsVersion = 13.1;
						TestTargetID = 931891E227369927007E2C5E;
					};
				};
			};
			buildConfigurationList = 931891D427369926007E2C5E /* Build configuration list for PBXProject "RoutineTree" */;
			compatibilityVersion = "Xcode 13.0";
			developmentRegion = en;
			hasScannedForEncodings = 0;
			knownRegions = (
				en,
				Base,
			);
			mainGroup = 931891D027369926007E2C5E;
			productRefGroup = 931891DE27369927007E2C5E /* Products */;
			projectDirPath = "";
			projectRoot = "";
			targets = (
				931891DC27369927007E2C5E /* RoutineTree (iOS) */,
				931891E227369927007E2C5E /* RoutineTree (macOS) */,
				931891E927369927007E2C5E /* Tests iOS */,
				931891F527369927007E2C5E /* Tests macOS */,
			);
		};
/* End PBXProject section */

/* Begin PBXResourcesBuildPhase section */
		931891DB27369927007E2C5E /* Resources */ = {
			isa = PBXResourcesBuildPhase;
			buildActionMask = 2147483647;
			files = (
				9318920227369927007E2C5E /* Assets.xcassets in Resources */,
			);
			runOnlyForDeploymentPostprocessing = 0;
		};
		931891E127369927007E2C5E /* Resources */ = {
			isa = PBXResourcesBuildPhase;
			buildActionMask = 2147483647;
			files = (
				9318920327369927007E2C5E /* Assets.xcassets in Resources */,
			);
			runOnlyForDeploymentPostprocessing = 0;
		};
		931891E827369927007E2C5E /* Resources */ = {
			isa = PBXResourcesBuildPhase;
			buildActionMask = 2147483647;
			files = (
			);
			runOnlyForDeploymentPostprocessing = 0;
		};
		931891F427369927007E2C5E /* Resources */ = {
			isa = PBXResourcesBuildPhase;
			buildActionMask = 2147483647;
			files = (
			);
			runOnlyForDeploymentPostprocessing = 0;
		};
/* End PBXResourcesBuildPhase section */

/* Begin PBXSourcesBuildPhase section */
		931891D927369927007E2C5E /* Sources */ = {
			isa = PBXSourcesBuildPhase;
			buildActionMask = 2147483647;
			files = (
				93328029275E139100C3F4DD /* TaskNodeStyle.swift in Sources */,
				9367A1D8273BE61300ED54E2 /* RoutineView.swift in Sources */,
				932D6C622757AA8F00048D80 /* RoutineTreeInteractor.swift in Sources */,
				9306AD0227583A2B00D86719 /* TaskExtension.swift in Sources */,
				9318920027369927007E2C5E /* ContentView.swift in Sources */,
				931235792756E0960042EF70 /* StandbyView.swift in Sources */,
				9337A28D27564CFB004D10D5 /* UIGTextField.swift in Sources */,
				931CCDBF275B784000114A77 /* RoutinePlayItemView.swift in Sources */,
				93278749275CF5CD006C9651 /* MinSecPicker.swift in Sources */,
				9318922E2736B82C007E2C5E /* RoutineTree.swift in Sources */,
				9318922827369EC6007E2C5E /* RoutineTask.swift in Sources */,
				93179A1D275DDD5300E2D777 /* NumberField.swift in Sources */,
				931235772756DFE90042EF70 /* CompletedView.swift in Sources */,
				931891FE27369927007E2C5E /* RoutineTreeApp.swift in Sources */,
				93FF6DD62747216B00A2A210 /* RoutinePlayingView.swift in Sources */,
				93B72875273C034F00121435 /* TaskType.swift in Sources */,
				931CCDC1275BA1DB00114A77 /* ReminderLikeColorPicker.swift in Sources */,
				9340AA4F274EFA530030C766 /* CollectDict.swift in Sources */,
				9318922A2736A04B007E2C5E /* TaskId.swift in Sources */,
				932C30C0274D0C0900D2DBA0 /* RoutinePlayer.swift in Sources */,
				93CEFBE42754FE5600F9F76E /* RoutineEditView.swift in Sources */,
				930E5E8B274886460028B41E /* AddNewTaskButton.swift in Sources */,
				931CCDBD275B6E9B00114A77 /* RoutineNodeView.swift in Sources */,
				9340AA4D274EFA1A0030C766 /* Line.swift in Sources */,
				932C30BE274CF51600D2DBA0 /* TaskPlayingView.swift in Sources */,
				93091EBE27598E2D009D08D0 /* RoutinePreferenceView.swift in Sources */,
				9312357B2756E20B0042EF70 /* ChevronUpDownBar.swift in Sources */,
				932C30BC274CD81500D2DBA0 /* StartTaskNodeView.swift in Sources */,
				931892302736B835007E2C5E /* RoutineId.swift in Sources */,
				9306ACFE275838AE00D86719 /* PlayableRoutineTask.swift in Sources */,
				930E5E89274880FA0028B41E /* StartTaskEditView.swift in Sources */,
				9306AD002758399D00D86719 /* PlayableRoutineTree.swift in Sources */,
				932624A22748D1030078FA02 /* TaskTreeRootView.swift in Sources */,
				93091EBC275981EB009D08D0 /* UIGCheckBox.swift in Sources */,
				93876D0A274530C300201CF8 /* TaskTreeView.swift in Sources */,
				93278747275CF343006C9651 /* RoutineAddingView.swift in Sources */,
			);
			runOnlyForDeploymentPostprocessing = 0;
		};
		931891DF27369927007E2C5E /* Sources */ = {
			isa = PBXSourcesBuildPhase;
			buildActionMask = 2147483647;
			files = (
				9318920127369927007E2C5E /* ContentView.swift in Sources */,
				931891FF27369927007E2C5E /* RoutineTreeApp.swift in Sources */,
			);
			runOnlyForDeploymentPostprocessing = 0;
		};
		931891E627369927007E2C5E /* Sources */ = {
			isa = PBXSourcesBuildPhase;
			buildActionMask = 2147483647;
			files = (
				931891F127369927007E2C5E /* Tests_iOSLaunchTests.swift in Sources */,
				931891EF27369927007E2C5E /* Tests_iOS.swift in Sources */,
			);
			runOnlyForDeploymentPostprocessing = 0;
		};
		931891F227369927007E2C5E /* Sources */ = {
			isa = PBXSourcesBuildPhase;
			buildActionMask = 2147483647;
			files = (
				931891FD27369927007E2C5E /* Tests_macOSLaunchTests.swift in Sources */,
				931891FB27369927007E2C5E /* Tests_macOS.swift in Sources */,
			);
			runOnlyForDeploymentPostprocessing = 0;
		};
/* End PBXSourcesBuildPhase section */

/* Begin PBXTargetDependency section */
		931891EC27369927007E2C5E /* PBXTargetDependency */ = {
			isa = PBXTargetDependency;
			target = 931891DC27369927007E2C5E /* RoutineTree (iOS) */;
			targetProxy = 931891EB27369927007E2C5E /* PBXContainerItemProxy */;
		};
		931891F827369927007E2C5E /* PBXTargetDependency */ = {
			isa = PBXTargetDependency;
			target = 931891E227369927007E2C5E /* RoutineTree (macOS) */;
			targetProxy = 931891F727369927007E2C5E /* PBXContainerItemProxy */;
		};
/* End PBXTargetDependency section */

/* Begin XCBuildConfiguration section */
		9318920427369927007E2C5E /* Debug */ = {
			isa = XCBuildConfiguration;
			buildSettings = {
				ALWAYS_SEARCH_USER_PATHS = NO;
				CLANG_ANALYZER_NONNULL = YES;
				CLANG_ANALYZER_NUMBER_OBJECT_CONVERSION = YES_AGGRESSIVE;
				CLANG_CXX_LANGUAGE_STANDARD = "gnu++17";
				CLANG_CXX_LIBRARY = "libc++";
				CLANG_ENABLE_MODULES = YES;
				CLANG_ENABLE_OBJC_ARC = YES;
				CLANG_ENABLE_OBJC_WEAK = YES;
				CLANG_WARN_BLOCK_CAPTURE_AUTORELEASING = YES;
				CLANG_WARN_BOOL_CONVERSION = YES;
				CLANG_WARN_COMMA = YES;
				CLANG_WARN_CONSTANT_CONVERSION = YES;
				CLANG_WARN_DEPRECATED_OBJC_IMPLEMENTATIONS = YES;
				CLANG_WARN_DIRECT_OBJC_ISA_USAGE = YES_ERROR;
				CLANG_WARN_DOCUMENTATION_COMMENTS = YES;
				CLANG_WARN_EMPTY_BODY = YES;
				CLANG_WARN_ENUM_CONVERSION = YES;
				CLANG_WARN_INFINITE_RECURSION = YES;
				CLANG_WARN_INT_CONVERSION = YES;
				CLANG_WARN_NON_LITERAL_NULL_CONVERSION = YES;
				CLANG_WARN_OBJC_IMPLICIT_RETAIN_SELF = YES;
				CLANG_WARN_OBJC_LITERAL_CONVERSION = YES;
				CLANG_WARN_OBJC_ROOT_CLASS = YES_ERROR;
				CLANG_WARN_QUOTED_INCLUDE_IN_FRAMEWORK_HEADER = YES;
				CLANG_WARN_RANGE_LOOP_ANALYSIS = YES;
				CLANG_WARN_STRICT_PROTOTYPES = YES;
				CLANG_WARN_SUSPICIOUS_MOVE = YES;
				CLANG_WARN_UNGUARDED_AVAILABILITY = YES_AGGRESSIVE;
				CLANG_WARN_UNREACHABLE_CODE = YES;
				CLANG_WARN__DUPLICATE_METHOD_MATCH = YES;
				COPY_PHASE_STRIP = NO;
				DEBUG_INFORMATION_FORMAT = dwarf;
				ENABLE_STRICT_OBJC_MSGSEND = YES;
				ENABLE_TESTABILITY = YES;
				GCC_C_LANGUAGE_STANDARD = gnu11;
				GCC_DYNAMIC_NO_PIC = NO;
				GCC_NO_COMMON_BLOCKS = YES;
				GCC_OPTIMIZATION_LEVEL = 0;
				GCC_PREPROCESSOR_DEFINITIONS = (
					"DEBUG=1",
					"$(inherited)",
				);
				GCC_WARN_64_TO_32_BIT_CONVERSION = YES;
				GCC_WARN_ABOUT_RETURN_TYPE = YES_ERROR;
				GCC_WARN_UNDECLARED_SELECTOR = YES;
				GCC_WARN_UNINITIALIZED_AUTOS = YES_AGGRESSIVE;
				GCC_WARN_UNUSED_FUNCTION = YES;
				GCC_WARN_UNUSED_VARIABLE = YES;
				MTL_ENABLE_DEBUG_INFO = INCLUDE_SOURCE;
				MTL_FAST_MATH = YES;
				ONLY_ACTIVE_ARCH = YES;
				SWIFT_ACTIVE_COMPILATION_CONDITIONS = DEBUG;
				SWIFT_OPTIMIZATION_LEVEL = "-Onone";
			};
			name = Debug;
		};
		9318920527369927007E2C5E /* Release */ = {
			isa = XCBuildConfiguration;
			buildSettings = {
				ALWAYS_SEARCH_USER_PATHS = NO;
				CLANG_ANALYZER_NONNULL = YES;
				CLANG_ANALYZER_NUMBER_OBJECT_CONVERSION = YES_AGGRESSIVE;
				CLANG_CXX_LANGUAGE_STANDARD = "gnu++17";
				CLANG_CXX_LIBRARY = "libc++";
				CLANG_ENABLE_MODULES = YES;
				CLANG_ENABLE_OBJC_ARC = YES;
				CLANG_ENABLE_OBJC_WEAK = YES;
				CLANG_WARN_BLOCK_CAPTURE_AUTORELEASING = YES;
				CLANG_WARN_BOOL_CONVERSION = YES;
				CLANG_WARN_COMMA = YES;
				CLANG_WARN_CONSTANT_CONVERSION = YES;
				CLANG_WARN_DEPRECATED_OBJC_IMPLEMENTATIONS = YES;
				CLANG_WARN_DIRECT_OBJC_ISA_USAGE = YES_ERROR;
				CLANG_WARN_DOCUMENTATION_COMMENTS = YES;
				CLANG_WARN_EMPTY_BODY = YES;
				CLANG_WARN_ENUM_CONVERSION = YES;
				CLANG_WARN_INFINITE_RECURSION = YES;
				CLANG_WARN_INT_CONVERSION = YES;
				CLANG_WARN_NON_LITERAL_NULL_CONVERSION = YES;
				CLANG_WARN_OBJC_IMPLICIT_RETAIN_SELF = YES;
				CLANG_WARN_OBJC_LITERAL_CONVERSION = YES;
				CLANG_WARN_OBJC_ROOT_CLASS = YES_ERROR;
				CLANG_WARN_QUOTED_INCLUDE_IN_FRAMEWORK_HEADER = YES;
				CLANG_WARN_RANGE_LOOP_ANALYSIS = YES;
				CLANG_WARN_STRICT_PROTOTYPES = YES;
				CLANG_WARN_SUSPICIOUS_MOVE = YES;
				CLANG_WARN_UNGUARDED_AVAILABILITY = YES_AGGRESSIVE;
				CLANG_WARN_UNREACHABLE_CODE = YES;
				CLANG_WARN__DUPLICATE_METHOD_MATCH = YES;
				COPY_PHASE_STRIP = NO;
				DEBUG_INFORMATION_FORMAT = "dwarf-with-dsym";
				ENABLE_NS_ASSERTIONS = NO;
				ENABLE_STRICT_OBJC_MSGSEND = YES;
				GCC_C_LANGUAGE_STANDARD = gnu11;
				GCC_NO_COMMON_BLOCKS = YES;
				GCC_WARN_64_TO_32_BIT_CONVERSION = YES;
				GCC_WARN_ABOUT_RETURN_TYPE = YES_ERROR;
				GCC_WARN_UNDECLARED_SELECTOR = YES;
				GCC_WARN_UNINITIALIZED_AUTOS = YES_AGGRESSIVE;
				GCC_WARN_UNUSED_FUNCTION = YES;
				GCC_WARN_UNUSED_VARIABLE = YES;
				MTL_ENABLE_DEBUG_INFO = NO;
				MTL_FAST_MATH = YES;
				SWIFT_COMPILATION_MODE = wholemodule;
				SWIFT_OPTIMIZATION_LEVEL = "-O";
			};
			name = Release;
		};
		9318920727369927007E2C5E /* Debug */ = {
			isa = XCBuildConfiguration;
			buildSettings = {
				ASSETCATALOG_COMPILER_APPICON_NAME = AppIcon;
				ASSETCATALOG_COMPILER_GLOBAL_ACCENT_COLOR_NAME = AccentColor;
				CODE_SIGN_STYLE = Automatic;
				CURRENT_PROJECT_VERSION = 1;
				DEVELOPMENT_TEAM = TQT3P76FPL;
				ENABLE_PREVIEWS = YES;
				GENERATE_INFOPLIST_FILE = YES;
				INFOPLIST_KEY_UIApplicationSceneManifest_Generation = YES;
				INFOPLIST_KEY_UIApplicationSupportsIndirectInputEvents = YES;
				INFOPLIST_KEY_UILaunchScreen_Generation = YES;
				INFOPLIST_KEY_UISupportedInterfaceOrientations_iPad = "UIInterfaceOrientationPortrait UIInterfaceOrientationPortraitUpsideDown UIInterfaceOrientationLandscapeLeft UIInterfaceOrientationLandscapeRight";
				INFOPLIST_KEY_UISupportedInterfaceOrientations_iPhone = "UIInterfaceOrientationPortrait UIInterfaceOrientationLandscapeLeft UIInterfaceOrientationLandscapeRight";
				IPHONEOS_DEPLOYMENT_TARGET = 15.0;
				LD_RUNPATH_SEARCH_PATHS = (
					"$(inherited)",
					"@executable_path/Frameworks",
				);
				MARKETING_VERSION = 1.0;
				PRODUCT_BUNDLE_IDENTIFIER = sYamaz.RoutineTree;
				PRODUCT_NAME = RoutineTree;
				SDKROOT = iphoneos;
				SWIFT_EMIT_LOC_STRINGS = YES;
				SWIFT_VERSION = 5.0;
				TARGETED_DEVICE_FAMILY = 1;
			};
			name = Debug;
		};
		9318920827369927007E2C5E /* Release */ = {
			isa = XCBuildConfiguration;
			buildSettings = {
				ASSETCATALOG_COMPILER_APPICON_NAME = AppIcon;
				ASSETCATALOG_COMPILER_GLOBAL_ACCENT_COLOR_NAME = AccentColor;
				CODE_SIGN_STYLE = Automatic;
				CURRENT_PROJECT_VERSION = 1;
				DEVELOPMENT_TEAM = TQT3P76FPL;
				ENABLE_PREVIEWS = YES;
				GENERATE_INFOPLIST_FILE = YES;
				INFOPLIST_KEY_UIApplicationSceneManifest_Generation = YES;
				INFOPLIST_KEY_UIApplicationSupportsIndirectInputEvents = YES;
				INFOPLIST_KEY_UILaunchScreen_Generation = YES;
				INFOPLIST_KEY_UISupportedInterfaceOrientations_iPad = "UIInterfaceOrientationPortrait UIInterfaceOrientationPortraitUpsideDown UIInterfaceOrientationLandscapeLeft UIInterfaceOrientationLandscapeRight";
				INFOPLIST_KEY_UISupportedInterfaceOrientations_iPhone = "UIInterfaceOrientationPortrait UIInterfaceOrientationLandscapeLeft UIInterfaceOrientationLandscapeRight";
				IPHONEOS_DEPLOYMENT_TARGET = 15.0;
				LD_RUNPATH_SEARCH_PATHS = (
					"$(inherited)",
					"@executable_path/Frameworks",
				);
				MARKETING_VERSION = 1.0;
				PRODUCT_BUNDLE_IDENTIFIER = sYamaz.RoutineTree;
				PRODUCT_NAME = RoutineTree;
				SDKROOT = iphoneos;
				SWIFT_EMIT_LOC_STRINGS = YES;
				SWIFT_VERSION = 5.0;
				TARGETED_DEVICE_FAMILY = 1;
				VALIDATE_PRODUCT = YES;
			};
			name = Release;
		};
		9318920A27369927007E2C5E /* Debug */ = {
			isa = XCBuildConfiguration;
			buildSettings = {
				ASSETCATALOG_COMPILER_APPICON_NAME = AppIcon;
				ASSETCATALOG_COMPILER_GLOBAL_ACCENT_COLOR_NAME = AccentColor;
				CODE_SIGN_ENTITLEMENTS = macOS/macOS.entitlements;
				CODE_SIGN_STYLE = Automatic;
				COMBINE_HIDPI_IMAGES = YES;
				CURRENT_PROJECT_VERSION = 1;
				DEVELOPMENT_TEAM = TQT3P76FPL;
				ENABLE_HARDENED_RUNTIME = YES;
				ENABLE_PREVIEWS = YES;
				GENERATE_INFOPLIST_FILE = YES;
				INFOPLIST_KEY_NSHumanReadableCopyright = "";
				LD_RUNPATH_SEARCH_PATHS = (
					"$(inherited)",
					"@executable_path/../Frameworks",
				);
				MACOSX_DEPLOYMENT_TARGET = 12.0;
				MARKETING_VERSION = 1.0;
				PRODUCT_BUNDLE_IDENTIFIER = sYamaz.RoutineTree;
				PRODUCT_NAME = RoutineTree;
				SDKROOT = macosx;
				SWIFT_EMIT_LOC_STRINGS = YES;
				SWIFT_VERSION = 5.0;
			};
			name = Debug;
		};
		9318920B27369927007E2C5E /* Release */ = {
			isa = XCBuildConfiguration;
			buildSettings = {
				ASSETCATALOG_COMPILER_APPICON_NAME = AppIcon;
				ASSETCATALOG_COMPILER_GLOBAL_ACCENT_COLOR_NAME = AccentColor;
				CODE_SIGN_ENTITLEMENTS = macOS/macOS.entitlements;
				CODE_SIGN_STYLE = Automatic;
				COMBINE_HIDPI_IMAGES = YES;
				CURRENT_PROJECT_VERSION = 1;
				DEVELOPMENT_TEAM = TQT3P76FPL;
				ENABLE_HARDENED_RUNTIME = YES;
				ENABLE_PREVIEWS = YES;
				GENERATE_INFOPLIST_FILE = YES;
				INFOPLIST_KEY_NSHumanReadableCopyright = "";
				LD_RUNPATH_SEARCH_PATHS = (
					"$(inherited)",
					"@executable_path/../Frameworks",
				);
				MACOSX_DEPLOYMENT_TARGET = 12.0;
				MARKETING_VERSION = 1.0;
				PRODUCT_BUNDLE_IDENTIFIER = sYamaz.RoutineTree;
				PRODUCT_NAME = RoutineTree;
				SDKROOT = macosx;
				SWIFT_EMIT_LOC_STRINGS = YES;
				SWIFT_VERSION = 5.0;
			};
			name = Release;
		};
		9318920D27369927007E2C5E /* Debug */ = {
			isa = XCBuildConfiguration;
			buildSettings = {
				ALWAYS_EMBED_SWIFT_STANDARD_LIBRARIES = YES;
				CODE_SIGN_STYLE = Automatic;
				CURRENT_PROJECT_VERSION = 1;
				DEVELOPMENT_TEAM = TQT3P76FPL;
				GENERATE_INFOPLIST_FILE = YES;
				IPHONEOS_DEPLOYMENT_TARGET = 15.0;
				LD_RUNPATH_SEARCH_PATHS = (
					"$(inherited)",
					"@executable_path/Frameworks",
					"@loader_path/Frameworks",
				);
				MARKETING_VERSION = 1.0;
				PRODUCT_BUNDLE_IDENTIFIER = "sYamaz.Tests-iOS";
				PRODUCT_NAME = "$(TARGET_NAME)";
				SDKROOT = iphoneos;
				SWIFT_EMIT_LOC_STRINGS = NO;
				SWIFT_VERSION = 5.0;
				TARGETED_DEVICE_FAMILY = "1,2";
				TEST_TARGET_NAME = "RoutineTree (iOS)";
			};
			name = Debug;
		};
		9318920E27369927007E2C5E /* Release */ = {
			isa = XCBuildConfiguration;
			buildSettings = {
				ALWAYS_EMBED_SWIFT_STANDARD_LIBRARIES = YES;
				CODE_SIGN_STYLE = Automatic;
				CURRENT_PROJECT_VERSION = 1;
				DEVELOPMENT_TEAM = TQT3P76FPL;
				GENERATE_INFOPLIST_FILE = YES;
				IPHONEOS_DEPLOYMENT_TARGET = 15.0;
				LD_RUNPATH_SEARCH_PATHS = (
					"$(inherited)",
					"@executable_path/Frameworks",
					"@loader_path/Frameworks",
				);
				MARKETING_VERSION = 1.0;
				PRODUCT_BUNDLE_IDENTIFIER = "sYamaz.Tests-iOS";
				PRODUCT_NAME = "$(TARGET_NAME)";
				SDKROOT = iphoneos;
				SWIFT_EMIT_LOC_STRINGS = NO;
				SWIFT_VERSION = 5.0;
				TARGETED_DEVICE_FAMILY = "1,2";
				TEST_TARGET_NAME = "RoutineTree (iOS)";
				VALIDATE_PRODUCT = YES;
			};
			name = Release;
		};
		9318921027369927007E2C5E /* Debug */ = {
			isa = XCBuildConfiguration;
			buildSettings = {
				ALWAYS_EMBED_SWIFT_STANDARD_LIBRARIES = YES;
				CODE_SIGN_STYLE = Automatic;
				COMBINE_HIDPI_IMAGES = YES;
				CURRENT_PROJECT_VERSION = 1;
				DEVELOPMENT_TEAM = TQT3P76FPL;
				GENERATE_INFOPLIST_FILE = YES;
				LD_RUNPATH_SEARCH_PATHS = (
					"$(inherited)",
					"@executable_path/../Frameworks",
					"@loader_path/../Frameworks",
				);
				MACOSX_DEPLOYMENT_TARGET = 12.0;
				MARKETING_VERSION = 1.0;
				PRODUCT_BUNDLE_IDENTIFIER = "sYamaz.Tests-macOS";
				PRODUCT_NAME = "$(TARGET_NAME)";
				SDKROOT = macosx;
				SWIFT_EMIT_LOC_STRINGS = NO;
				SWIFT_VERSION = 5.0;
				TEST_TARGET_NAME = "RoutineTree (macOS)";
			};
			name = Debug;
		};
		9318921127369927007E2C5E /* Release */ = {
			isa = XCBuildConfiguration;
			buildSettings = {
				ALWAYS_EMBED_SWIFT_STANDARD_LIBRARIES = YES;
				CODE_SIGN_STYLE = Automatic;
				COMBINE_HIDPI_IMAGES = YES;
				CURRENT_PROJECT_VERSION = 1;
				DEVELOPMENT_TEAM = TQT3P76FPL;
				GENERATE_INFOPLIST_FILE = YES;
				LD_RUNPATH_SEARCH_PATHS = (
					"$(inherited)",
					"@executable_path/../Frameworks",
					"@loader_path/../Frameworks",
				);
				MACOSX_DEPLOYMENT_TARGET = 12.0;
				MARKETING_VERSION = 1.0;
				PRODUCT_BUNDLE_IDENTIFIER = "sYamaz.Tests-macOS";
				PRODUCT_NAME = "$(TARGET_NAME)";
				SDKROOT = macosx;
				SWIFT_EMIT_LOC_STRINGS = NO;
				SWIFT_VERSION = 5.0;
				TEST_TARGET_NAME = "RoutineTree (macOS)";
			};
			name = Release;
		};
/* End XCBuildConfiguration section */

/* Begin XCConfigurationList section */
		931891D427369926007E2C5E /* Build configuration list for PBXProject "RoutineTree" */ = {
			isa = XCConfigurationList;
			buildConfigurations = (
				9318920427369927007E2C5E /* Debug */,
				9318920527369927007E2C5E /* Release */,
			);
			defaultConfigurationIsVisible = 0;
			defaultConfigurationName = Release;
		};
		9318920627369927007E2C5E /* Build configuration list for PBXNativeTarget "RoutineTree (iOS)" */ = {
			isa = XCConfigurationList;
			buildConfigurations = (
				9318920727369927007E2C5E /* Debug */,
				9318920827369927007E2C5E /* Release */,
			);
			defaultConfigurationIsVisible = 0;
			defaultConfigurationName = Release;
		};
		9318920927369927007E2C5E /* Build configuration list for PBXNativeTarget "RoutineTree (macOS)" */ = {
			isa = XCConfigurationList;
			buildConfigurations = (
				9318920A27369927007E2C5E /* Debug */,
				9318920B27369927007E2C5E /* Release */,
			);
			defaultConfigurationIsVisible = 0;
			defaultConfigurationName = Release;
		};
		9318920C27369927007E2C5E /* Build configuration list for PBXNativeTarget "Tests iOS" */ = {
			isa = XCConfigurationList;
			buildConfigurations = (
				9318920D27369927007E2C5E /* Debug */,
				9318920E27369927007E2C5E /* Release */,
			);
			defaultConfigurationIsVisible = 0;
			defaultConfigurationName = Release;
		};
		9318920F27369927007E2C5E /* Build configuration list for PBXNativeTarget "Tests macOS" */ = {
			isa = XCConfigurationList;
			buildConfigurations = (
				9318921027369927007E2C5E /* Debug */,
				9318921127369927007E2C5E /* Release */,
			);
			defaultConfigurationIsVisible = 0;
			defaultConfigurationName = Release;
		};
/* End XCConfigurationList section */
	};
	rootObject = 931891D127369926007E2C5E /* Project object */;
}
