// !$*UTF8*$!
{
	archiveVersion = 1;
	classes = {
	};
	objectVersion = 55;
	objects = {

/* Begin PBXBuildFile section */
		931891EF27369927007E2C5E /* Tests_iOS.swift in Sources */ = {isa = PBXBuildFile; fileRef = 931891EE27369927007E2C5E /* Tests_iOS.swift */; };
		931891F127369927007E2C5E /* Tests_iOSLaunchTests.swift in Sources */ = {isa = PBXBuildFile; fileRef = 931891F027369927007E2C5E /* Tests_iOSLaunchTests.swift */; };
		931891FB27369927007E2C5E /* Tests_macOS.swift in Sources */ = {isa = PBXBuildFile; fileRef = 931891FA27369927007E2C5E /* Tests_macOS.swift */; };
		931891FD27369927007E2C5E /* Tests_macOSLaunchTests.swift in Sources */ = {isa = PBXBuildFile; fileRef = 931891FC27369927007E2C5E /* Tests_macOSLaunchTests.swift */; };
		931891FE27369927007E2C5E /* RoutineTreeApp.swift in Sources */ = {isa = PBXBuildFile; fileRef = 931891D627369926007E2C5E /* RoutineTreeApp.swift */; };
		931891FF27369927007E2C5E /* RoutineTreeApp.swift in Sources */ = {isa = PBXBuildFile; fileRef = 931891D627369926007E2C5E /* RoutineTreeApp.swift */; };
		9318920027369927007E2C5E /* ContentView.swift in Sources */ = {isa = PBXBuildFile; fileRef = 931891D727369926007E2C5E /* ContentView.swift */; };
		9318920127369927007E2C5E /* ContentView.swift in Sources */ = {isa = PBXBuildFile; fileRef = 931891D727369926007E2C5E /* ContentView.swift */; };
		9318920227369927007E2C5E /* Assets.xcassets in Resources */ = {isa = PBXBuildFile; fileRef = 931891D827369927007E2C5E /* Assets.xcassets */; };
		9318920327369927007E2C5E /* Assets.xcassets in Resources */ = {isa = PBXBuildFile; fileRef = 931891D827369927007E2C5E /* Assets.xcassets */; };
/* End PBXBuildFile section */

/* Begin PBXContainerItemProxy section */
		931891EB27369927007E2C5E /* PBXContainerItemProxy */ = {
			isa = PBXContainerItemProxy;
			containerPortal = 931891D127369926007E2C5E /* Project object */;
			proxyType = 1;
			remoteGlobalIDString = 931891DC27369927007E2C5E;
			remoteInfo = "RoutineTree (iOS)";
		};
		931891F727369927007E2C5E /* PBXContainerItemProxy */ = {
			isa = PBXContainerItemProxy;
			containerPortal = 931891D127369926007E2C5E /* Project object */;
			proxyType = 1;
			remoteGlobalIDString = 931891E227369927007E2C5E;
			remoteInfo = "RoutineTree (macOS)";
		};
/* End PBXContainerItemProxy section */

/* Begin PBXFileReference section */
		931891D627369926007E2C5E /* RoutineTreeApp.swift */ = {isa = PBXFileReference; lastKnownFileType = sourcecode.swift; path = RoutineTreeApp.swift; sourceTree = "<group>"; };
		931891D727369926007E2C5E /* ContentView.swift */ = {isa = PBXFileReference; lastKnownFileType = sourcecode.swift; path = ContentView.swift; sourceTree = "<group>"; };
		931891D827369927007E2C5E /* Assets.xcassets */ = {isa = PBXFileReference; lastKnownFileType = folder.assetcatalog; path = Assets.xcassets; sourceTree = "<group>"; };
		931891DD27369927007E2C5E /* RoutineTree.app */ = {isa = PBXFileReference; explicitFileType = wrapper.application; includeInIndex = 0; path = RoutineTree.app; sourceTree = BUILT_PRODUCTS_DIR; };
		931891E327369927007E2C5E /* RoutineTree.app */ = {isa = PBXFileReference; explicitFileType = wrapper.application; includeInIndex = 0; path = RoutineTree.app; sourceTree = BUILT_PRODUCTS_DIR; };
		931891E527369927007E2C5E /* macOS.entitlements */ = {isa = PBXFileReference; lastKnownFileType = text.plist.entitlements; path = macOS.entitlements; sourceTree = "<group>"; };
		931891EA27369927007E2C5E /* Tests iOS.xctest */ = {isa = PBXFileReference; explicitFileType = wrapper.cfbundle; includeInIndex = 0; path = "Tests iOS.xctest"; sourceTree = BUILT_PRODUCTS_DIR; };
		931891EE27369927007E2C5E /* Tests_iOS.swift */ = {isa = PBXFileReference; lastKnownFileType = sourcecode.swift; path = Tests_iOS.swift; sourceTree = "<group>"; };
		931891F027369927007E2C5E /* Tests_iOSLaunchTests.swift */ = {isa = PBXFileReference; lastKnownFileType = sourcecode.swift; path = Tests_iOSLaunchTests.swift; sourceTree = "<group>"; };
		931891F627369927007E2C5E /* Tests macOS.xctest */ = {isa = PBXFileReference; explicitFileType = wrapper.cfbundle; includeInIndex = 0; path = "Tests macOS.xctest"; sourceTree = BUILT_PRODUCTS_DIR; };
		931891FA27369927007E2C5E /* Tests_macOS.swift */ = {isa = PBXFileReference; lastKnownFileType = sourcecode.swift; path = Tests_macOS.swift; sourceTree = "<group>"; };
		931891FC27369927007E2C5E /* Tests_macOSLaunchTests.swift */ = {isa = PBXFileReference; lastKnownFileType = sourcecode.swift; path = Tests_macOSLaunchTests.swift; sourceTree = "<group>"; };
/* End PBXFileReference section */

/* Begin PBXFrameworksBuildPhase section */
		931891DA27369927007E2C5E /* Frameworks */ = {
			isa = PBXFrameworksBuildPhase;
			buildActionMask = 2147483647;
			files = (
			);
			runOnlyForDeploymentPostprocessing = 0;
		};
		931891E027369927007E2C5E /* Frameworks */ = {
			isa = PBXFrameworksBuildPhase;
			buildActionMask = 2147483647;
			files = (
			);
			runOnlyForDeploymentPostprocessing = 0;
		};
		931891E727369927007E2C5E /* Frameworks */ = {
			isa = PBXFrameworksBuildPhase;
			buildActionMask = 2147483647;
			files = (
			);
			runOnlyForDeploymentPostprocessing = 0;
		};
		931891F327369927007E2C5E /* Frameworks */ = {
			isa = PBXFrameworksBuildPhase;
			buildActionMask = 2147483647;
			files = (
			);
			runOnlyForDeploymentPostprocessing = 0;
		};
/* End PBXFrameworksBuildPhase section */

/* Begin PBXGroup section */
		931891D027369926007E2C5E = {
			isa = PBXGroup;
			children = (
				931891D527369926007E2C5E /* Shared */,
				931891E427369927007E2C5E /* macOS */,
				931891ED27369927007E2C5E /* Tests iOS */,
				931891F927369927007E2C5E /* Tests macOS */,
				931891DE27369927007E2C5E /* Products */,
			);
			sourceTree = "<group>";
		};
		931891D527369926007E2C5E /* Shared */ = {
			isa = PBXGroup;
			children = (
				931891D627369926007E2C5E /* RoutineTreeApp.swift */,
				931891D727369926007E2C5E /* ContentView.swift */,
				931891D827369927007E2C5E /* Assets.xcassets */,
			);
			path = Shared;
			sourceTree = "<group>";
		};
		931891DE27369927007E2C5E /* Products */ = {
			isa = PBXGroup;
			children = (
				931891DD27369927007E2C5E /* RoutineTree.app */,
				931891E327369927007E2C5E /* RoutineTree.app */,
				931891EA27369927007E2C5E /* Tests iOS.xctest */,
				931891F627369927007E2C5E /* Tests macOS.xctest */,
			);
			name = Products;
			sourceTree = "<group>";
		};
		931891E427369927007E2C5E /* macOS */ = {
			isa = PBXGroup;
			children = (
				931891E527369927007E2C5E /* macOS.entitlements */,
			);
			path = macOS;
			sourceTree = "<group>";
		};
		931891ED27369927007E2C5E /* Tests iOS */ = {
			isa = PBXGroup;
			children = (
				931891EE27369927007E2C5E /* Tests_iOS.swift */,
				931891F027369927007E2C5E /* Tests_iOSLaunchTests.swift */,
			);
			path = "Tests iOS";
			sourceTree = "<group>";
		};
		931891F927369927007E2C5E /* Tests macOS */ = {
			isa = PBXGroup;
			children = (
				931891FA27369927007E2C5E /* Tests_macOS.swift */,
				931891FC27369927007E2C5E /* Tests_macOSLaunchTests.swift */,
			);
			path = "Tests macOS";
			sourceTree = "<group>";
		};
/* End PBXGroup section */

/* Begin PBXNativeTarget section */
		931891DC27369927007E2C5E /* RoutineTree (iOS) */ = {
			isa = PBXNativeTarget;
			buildConfigurationList = 9318920627369927007E2C5E /* Build configuration list for PBXNativeTarget "RoutineTree (iOS)" */;
			buildPhases = (
				931891D927369927007E2C5E /* Sources */,
				931891DA27369927007E2C5E /* Frameworks */,
				931891DB27369927007E2C5E /* Resources */,
			);
			buildRules = (
			);
			dependencies = (
			);
			name = "RoutineTree (iOS)";
			productName = "RoutineTree (iOS)";
			productReference = 931891DD27369927007E2C5E /* RoutineTree.app */;
			productType = "com.apple.product-type.application";
		};
		931891E227369927007E2C5E /* RoutineTree (macOS) */ = {
			isa = PBXNativeTarget;
			buildConfigurationList = 9318920927369927007E2C5E /* Build configuration list for PBXNativeTarget "RoutineTree (macOS)" */;
			buildPhases = (
				931891DF27369927007E2C5E /* Sources */,
				931891E027369927007E2C5E /* Frameworks */,
				931891E127369927007E2C5E /* Resources */,
			);
			buildRules = (
			);
			dependencies = (
			);
			name = "RoutineTree (macOS)";
			productName = "RoutineTree (macOS)";
			productReference = 931891E327369927007E2C5E /* RoutineTree.app */;
			productType = "com.apple.product-type.application";
		};
		931891E927369927007E2C5E /* Tests iOS */ = {
			isa = PBXNativeTarget;
			buildConfigurationList = 9318920C27369927007E2C5E /* Build configuration list for PBXNativeTarget "Tests iOS" */;
			buildPhases = (
				931891E627369927007E2C5E /* Sources */,
				931891E727369927007E2C5E /* Frameworks */,
				931891E827369927007E2C5E /* Resources */,
			);
			buildRules = (
			);
			dependencies = (
				931891EC27369927007E2C5E /* PBXTargetDependency */,
			);
			name = "Tests iOS";
			productName = "Tests iOS";
			productReference = 931891EA27369927007E2C5E /* Tests iOS.xctest */;
			productType = "com.apple.product-type.bundle.ui-testing";
		};
		931891F527369927007E2C5E /* Tests macOS */ = {
			isa = PBXNativeTarget;
			buildConfigurationList = 9318920F27369927007E2C5E /* Build configuration list for PBXNativeTarget "Tests macOS" */;
			buildPhases = (
				931891F227369927007E2C5E /* Sources */,
				931891F327369927007E2C5E /* Frameworks */,
				931891F427369927007E2C5E /* Resources */,
			);
			buildRules = (
			);
			dependencies = (
				931891F827369927007E2C5E /* PBXTargetDependency */,
			);
			name = "Tests macOS";
			productName = "Tests macOS";
			productReference = 931891F627369927007E2C5E /* Tests macOS.xctest */;
			productType = "com.apple.product-type.bundle.ui-testing";
		};
/* End PBXNativeTarget section */

/* Begin PBXProject section */
		931891D127369926007E2C5E /* Project object */ = {
			isa = PBXProject;
			attributes = {
				BuildIndependentTargetsInParallel = 1;
				LastSwiftUpdateCheck = 1310;
				LastUpgradeCheck = 1310;
				TargetAttributes = {
					931891DC27369927007E2C5E = {
						CreatedOnToolsVersion = 13.1;
					};
					931891E227369927007E2C5E = {
						CreatedOnToolsVersion = 13.1;
					};
					931891E927369927007E2C5E = {
						CreatedOnToolsVersion = 13.1;
						TestTargetID = 931891DC27369927007E2C5E;
					};
					931891F527369927007E2C5E = {
						CreatedOnToolsVersion = 13.1;
						TestTargetID = 931891E227369927007E2C5E;
					};
				};
			};
			buildConfigurationList = 931891D427369926007E2C5E /* Build configuration list for PBXProject "RoutineTree" */;
			compatibilityVersion = "Xcode 13.0";
			developmentRegion = en;
			hasScannedForEncodings = 0;
			knownRegions = (
				en,
				Base,
			);
			mainGroup = 931891D027369926007E2C5E;
			productRefGroup = 931891DE27369927007E2C5E /* Products */;
			projectDirPath = "";
			projectRoot = "";
			targets = (
				931891DC27369927007E2C5E /* RoutineTree (iOS) */,
				931891E227369927007E2C5E /* RoutineTree (macOS) */,
				931891E927369927007E2C5E /* Tests iOS */,
				931891F527369927007E2C5E /* Tests macOS */,
			);
		};
/* End PBXProject section */

/* Begin PBXResourcesBuildPhase section */
		931891DB27369927007E2C5E /* Resources */ = {
			isa = PBXResourcesBuildPhase;
			buildActionMask = 2147483647;
			files = (
				9318920227369927007E2C5E /* Assets.xcassets in Resources */,
			);
			runOnlyForDeploymentPostprocessing = 0;
		};
		931891E127369927007E2C5E /* Resources */ = {
			isa = PBXResourcesBuildPhase;
			buildActionMask = 2147483647;
			files = (
				9318920327369927007E2C5E /* Assets.xcassets in Resources */,
			);
			runOnlyForDeploymentPostprocessing = 0;
		};
		931891E827369927007E2C5E /* Resources */ = {
			isa = PBXResourcesBuildPhase;
			buildActionMask = 2147483647;
			files = (
			);
			runOnlyForDeploymentPostprocessing = 0;
		};
		931891F427369927007E2C5E /* Resources */ = {
			isa = PBXResourcesBuildPhase;
			buildActionMask = 2147483647;
			files = (
			);
			runOnlyForDeploymentPostprocessing = 0;
		};
/* End PBXResourcesBuildPhase section */

/* Begin PBXSourcesBuildPhase section */
		931891D927369927007E2C5E /* Sources */ = {
			isa = PBXSourcesBuildPhase;
			buildActionMask = 2147483647;
			files = (
				9318920027369927007E2C5E /* ContentView.swift in Sources */,
				931891FE27369927007E2C5E /* RoutineTreeApp.swift in Sources */,
			);
			runOnlyForDeploymentPostprocessing = 0;
		};
		931891DF27369927007E2C5E /* Sources */ = {
			isa = PBXSourcesBuildPhase;
			buildActionMask = 2147483647;
			files = (
				9318920127369927007E2C5E /* ContentView.swift in Sources */,
				931891FF27369927007E2C5E /* RoutineTreeApp.swift in Sources */,
			);
			runOnlyForDeploymentPostprocessing = 0;
		};
		931891E627369927007E2C5E /* Sources */ = {
			isa = PBXSourcesBuildPhase;
			buildActionMask = 2147483647;
			files = (
				931891F127369927007E2C5E /* Tests_iOSLaunchTests.swift in Sources */,
				931891EF27369927007E2C5E /* Tests_iOS.swift in Sources */,
			);
			runOnlyForDeploymentPostprocessing = 0;
		};
		931891F227369927007E2C5E /* Sources */ = {
			isa = PBXSourcesBuildPhase;
			buildActionMask = 2147483647;
			files = (
				931891FD27369927007E2C5E /* Tests_macOSLaunchTests.swift in Sources */,
				931891FB27369927007E2C5E /* Tests_macOS.swift in Sources */,
			);
			runOnlyForDeploymentPostprocessing = 0;
		};
/* End PBXSourcesBuildPhase section */

/* Begin PBXTargetDependency section */
		931891EC27369927007E2C5E /* PBXTargetDependency */ = {
			isa = PBXTargetDependency;
			target = 931891DC27369927007E2C5E /* RoutineTree (iOS) */;
			targetProxy = 931891EB27369927007E2C5E /* PBXContainerItemProxy */;
		};
		931891F827369927007E2C5E /* PBXTargetDependency */ = {
			isa = PBXTargetDependency;
			target = 931891E227369927007E2C5E /* RoutineTree (macOS) */;
			targetProxy = 931891F727369927007E2C5E /* PBXContainerItemProxy */;
		};
/* End PBXTargetDependency section */

/* Begin XCBuildConfiguration section */
		9318920427369927007E2C5E /* Debug */ = {
			isa = XCBuildConfiguration;
			buildSettings = {
				ALWAYS_SEARCH_USER_PATHS = NO;
				CLANG_ANALYZER_NONNULL = YES;
				CLANG_ANALYZER_NUMBER_OBJECT_CONVERSION = YES_AGGRESSIVE;
				CLANG_CXX_LANGUAGE_STANDARD = "gnu++17";
				CLANG_CXX_LIBRARY = "libc++";
				CLANG_ENABLE_MODULES = YES;
				CLANG_ENABLE_OBJC_ARC = YES;
				CLANG_ENABLE_OBJC_WEAK = YES;
				CLANG_WARN_BLOCK_CAPTURE_AUTORELEASING = YES;
				CLANG_WARN_BOOL_CONVERSION = YES;
				CLANG_WARN_COMMA = YES;
				CLANG_WARN_CONSTANT_CONVERSION = YES;
				CLANG_WARN_DEPRECATED_OBJC_IMPLEMENTATIONS = YES;
				CLANG_WARN_DIRECT_OBJC_ISA_USAGE = YES_ERROR;
				CLANG_WARN_DOCUMENTATION_COMMENTS = YES;
				CLANG_WARN_EMPTY_BODY = YES;
				CLANG_WARN_ENUM_CONVERSION = YES;
				CLANG_WARN_INFINITE_RECURSION = YES;
				CLANG_WARN_INT_CONVERSION = YES;
				CLANG_WARN_NON_LITERAL_NULL_CONVERSION = YES;
				CLANG_WARN_OBJC_IMPLICIT_RETAIN_SELF = YES;
				CLANG_WARN_OBJC_LITERAL_CONVERSION = YES;
				CLANG_WARN_OBJC_ROOT_CLASS = YES_ERROR;
				CLANG_WARN_QUOTED_INCLUDE_IN_FRAMEWORK_HEADER = YES;
				CLANG_WARN_RANGE_LOOP_ANALYSIS = YES;
				CLANG_WARN_STRICT_PROTOTYPES = YES;
				CLANG_WARN_SUSPICIOUS_MOVE = YES;
				CLANG_WARN_UNGUARDED_AVAILABILITY = YES_AGGRESSIVE;
				CLANG_WARN_UNREACHABLE_CODE = YES;
				CLANG_WARN__DUPLICATE_METHOD_MATCH = YES;
				COPY_PHASE_STRIP = NO;
				DEBUG_INFORMATION_FORMAT = dwarf;
				ENABLE_STRICT_OBJC_MSGSEND = YES;
				ENABLE_TESTABILITY = YES;
				GCC_C_LANGUAGE_STANDARD = gnu11;
				GCC_DYNAMIC_NO_PIC = NO;
				GCC_NO_COMMON_BLOCKS = YES;
				GCC_OPTIMIZATION_LEVEL = 0;
				GCC_PREPROCESSOR_DEFINITIONS = (
					"DEBUG=1",
					"$(inherited)",
				);
				GCC_WARN_64_TO_32_BIT_CONVERSION = YES;
				GCC_WARN_ABOUT_RETURN_TYPE = YES_ERROR;
				GCC_WARN_UNDECLARED_SELECTOR = YES;
				GCC_WARN_UNINITIALIZED_AUTOS = YES_AGGRESSIVE;
				GCC_WARN_UNUSED_FUNCTION = YES;
				GCC_WARN_UNUSED_VARIABLE = YES;
				MTL_ENABLE_DEBUG_INFO = INCLUDE_SOURCE;
				MTL_FAST_MATH = YES;
				ONLY_ACTIVE_ARCH = YES;
				SWIFT_ACTIVE_COMPILATION_CONDITIONS = DEBUG;
				SWIFT_OPTIMIZATION_LEVEL = "-Onone";
			};
			name = Debug;
		};
		9318920527369927007E2C5E /* Release */ = {
			isa = XCBuildConfiguration;
			buildSettings = {
				ALWAYS_SEARCH_USER_PATHS = NO;
				CLANG_ANALYZER_NONNULL = YES;
				CLANG_ANALYZER_NUMBER_OBJECT_CONVERSION = YES_AGGRESSIVE;
				CLANG_CXX_LANGUAGE_STANDARD = "gnu++17";
				CLANG_CXX_LIBRARY = "libc++";
				CLANG_ENABLE_MODULES = YES;
				CLANG_ENABLE_OBJC_ARC = YES;
				CLANG_ENABLE_OBJC_WEAK = YES;
				CLANG_WARN_BLOCK_CAPTURE_AUTORELEASING = YES;
				CLANG_WARN_BOOL_CONVERSION = YES;
				CLANG_WARN_COMMA = YES;
				CLANG_WARN_CONSTANT_CONVERSION = YES;
				CLANG_WARN_DEPRECATED_OBJC_IMPLEMENTATIONS = YES;
				CLANG_WARN_DIRECT_OBJC_ISA_USAGE = YES_ERROR;
				CLANG_WARN_DOCUMENTATION_COMMENTS = YES;
				CLANG_WARN_EMPTY_BODY = YES;
				CLANG_WARN_ENUM_CONVERSION = YES;
				CLANG_WARN_INFINITE_RECURSION = YES;
				CLANG_WARN_INT_CONVERSION = YES;
				CLANG_WARN_NON_LITERAL_NULL_CONVERSION = YES;
				CLANG_WARN_OBJC_IMPLICIT_RETAIN_SELF = YES;
				CLANG_WARN_OBJC_LITERAL_CONVERSION = YES;
				CLANG_WARN_OBJC_ROOT_CLASS = YES_ERROR;
				CLANG_WARN_QUOTED_INCLUDE_IN_FRAMEWORK_HEADER = YES;
				CLANG_WARN_RANGE_LOOP_ANALYSIS = YES;
				CLANG_WARN_STRICT_PROTOTYPES = YES;
				CLANG_WARN_SUSPICIOUS_MOVE = YES;
				CLANG_WARN_UNGUARDED_AVAILABILITY = YES_AGGRESSIVE;
				CLANG_WARN_UNREACHABLE_CODE = YES;
				CLANG_WARN__DUPLICATE_METHOD_MATCH = YES;
				COPY_PHASE_STRIP = NO;
				DEBUG_INFORMATION_FORMAT = "dwarf-with-dsym";
				ENABLE_NS_ASSERTIONS = NO;
				ENABLE_STRICT_OBJC_MSGSEND = YES;
				GCC_C_LANGUAGE_STANDARD = gnu11;
				GCC_NO_COMMON_BLOCKS = YES;
				GCC_WARN_64_TO_32_BIT_CONVERSION = YES;
				GCC_WARN_ABOUT_RETURN_TYPE = YES_ERROR;
				GCC_WARN_UNDECLARED_SELECTOR = YES;
				GCC_WARN_UNINITIALIZED_AUTOS = YES_AGGRESSIVE;
				GCC_WARN_UNUSED_FUNCTION = YES;
				GCC_WARN_UNUSED_VARIABLE = YES;
				MTL_ENABLE_DEBUG_INFO = NO;
				MTL_FAST_MATH = YES;
				SWIFT_COMPILATION_MODE = wholemodule;
				SWIFT_OPTIMIZATION_LEVEL = "-O";
			};
			name = Release;
		};
		9318920727369927007E2C5E /* Debug */ = {
			isa = XCBuildConfiguration;
			buildSettings = {
				ASSETCATALOG_COMPILER_APPICON_NAME = AppIcon;
				ASSETCATALOG_COMPILER_GLOBAL_ACCENT_COLOR_NAME = AccentColor;
				CODE_SIGN_STYLE = Automatic;
				CURRENT_PROJECT_VERSION = 1;
				DEVELOPMENT_TEAM = TQT3P76FPL;
				ENABLE_PREVIEWS = YES;
				GENERATE_INFOPLIST_FILE = YES;
				INFOPLIST_KEY_UIApplicationSceneManifest_Generation = YES;
				INFOPLIST_KEY_UIApplicationSupportsIndirectInputEvents = YES;
				INFOPLIST_KEY_UILaunchScreen_Generation = YES;
				INFOPLIST_KEY_UISupportedInterfaceOrientations_iPad = "UIInterfaceOrientationPortrait UIInterfaceOrientationPortraitUpsideDown UIInterfaceOrientationLandscapeLeft UIInterfaceOrientationLandscapeRight";
				INFOPLIST_KEY_UISupportedInterfaceOrientations_iPhone = "UIInterfaceOrientationPortrait UIInterfaceOrientationLandscapeLeft UIInterfaceOrientationLandscapeRight";
				IPHONEOS_DEPLOYMENT_TARGET = 15.0;
				LD_RUNPATH_SEARCH_PATHS = (
					"$(inherited)",
					"@executable_path/Frameworks",
				);
				MARKETING_VERSION = 1.0;
				PRODUCT_BUNDLE_IDENTIFIER = sYamaz.RoutineTree;
				PRODUCT_NAME = RoutineTree;
				SDKROOT = iphoneos;
				SWIFT_EMIT_LOC_STRINGS = YES;
				SWIFT_VERSION = 5.0;
				TARGETED_DEVICE_FAMILY = "1,2";
			};
			name = Debug;
		};
		9318920827369927007E2C5E /* Release */ = {
			isa = XCBuildConfiguration;
			buildSettings = {
				ASSETCATALOG_COMPILER_APPICON_NAME = AppIcon;
				ASSETCATALOG_COMPILER_GLOBAL_ACCENT_COLOR_NAME = AccentColor;
				CODE_SIGN_STYLE = Automatic;
				CURRENT_PROJECT_VERSION = 1;
				DEVELOPMENT_TEAM = TQT3P76FPL;
				ENABLE_PREVIEWS = YES;
				GENERATE_INFOPLIST_FILE = YES;
				INFOPLIST_KEY_UIApplicationSceneManifest_Generation = YES;
				INFOPLIST_KEY_UIApplicationSupportsIndirectInputEvents = YES;
				INFOPLIST_KEY_UILaunchScreen_Generation = YES;
				INFOPLIST_KEY_UISupportedInterfaceOrientations_iPad = "UIInterfaceOrientationPortrait UIInterfaceOrientationPortraitUpsideDown UIInterfaceOrientationLandscapeLeft UIInterfaceOrientationLandscapeRight";
				INFOPLIST_KEY_UISupportedInterfaceOrientations_iPhone = "UIInterfaceOrientationPortrait UIInterfaceOrientationLandscapeLeft UIInterfaceOrientationLandscapeRight";
				IPHONEOS_DEPLOYMENT_TARGET = 15.0;
				LD_RUNPATH_SEARCH_PATHS = (
					"$(inherited)",
					"@executable_path/Frameworks",
				);
				MARKETING_VERSION = 1.0;
				PRODUCT_BUNDLE_IDENTIFIER = sYamaz.RoutineTree;
				PRODUCT_NAME = RoutineTree;
				SDKROOT = iphoneos;
				SWIFT_EMIT_LOC_STRINGS = YES;
				SWIFT_VERSION = 5.0;
				TARGETED_DEVICE_FAMILY = "1,2";
				VALIDATE_PRODUCT = YES;
			};
			name = Release;
		};
		9318920A27369927007E2C5E /* Debug */ = {
			isa = XCBuildConfiguration;
			buildSettings = {
				ASSETCATALOG_COMPILER_APPICON_NAME = AppIcon;
				ASSETCATALOG_COMPILER_GLOBAL_ACCENT_COLOR_NAME = AccentColor;
				CODE_SIGN_ENTITLEMENTS = macOS/macOS.entitlements;
				CODE_SIGN_STYLE = Automatic;
				COMBINE_HIDPI_IMAGES = YES;
				CURRENT_PROJECT_VERSION = 1;
				DEVELOPMENT_TEAM = TQT3P76FPL;
				ENABLE_HARDENED_RUNTIME = YES;
				ENABLE_PREVIEWS = YES;
				GENERATE_INFOPLIST_FILE = YES;
				INFOPLIST_KEY_NSHumanReadableCopyright = "";
				LD_RUNPATH_SEARCH_PATHS = (
					"$(inherited)",
					"@executable_path/../Frameworks",
				);
				MACOSX_DEPLOYMENT_TARGET = 12.0;
				MARKETING_VERSION = 1.0;
				PRODUCT_BUNDLE_IDENTIFIER = sYamaz.RoutineTree;
				PRODUCT_NAME = RoutineTree;
				SDKROOT = macosx;
				SWIFT_EMIT_LOC_STRINGS = YES;
				SWIFT_VERSION = 5.0;
			};
			name = Debug;
		};
		9318920B27369927007E2C5E /* Release */ = {
			isa = XCBuildConfiguration;
			buildSettings = {
				ASSETCATALOG_COMPILER_APPICON_NAME = AppIcon;
				ASSETCATALOG_COMPILER_GLOBAL_ACCENT_COLOR_NAME = AccentColor;
				CODE_SIGN_ENTITLEMENTS = macOS/macOS.entitlements;
				CODE_SIGN_STYLE = Automatic;
				COMBINE_HIDPI_IMAGES = YES;
				CURRENT_PROJECT_VERSION = 1;
				DEVELOPMENT_TEAM = TQT3P76FPL;
				ENABLE_HARDENED_RUNTIME = YES;
				ENABLE_PREVIEWS = YES;
				GENERATE_INFOPLIST_FILE = YES;
				INFOPLIST_KEY_NSHumanReadableCopyright = "";
				LD_RUNPATH_SEARCH_PATHS = (
					"$(inherited)",
					"@executable_path/../Frameworks",
				);
				MACOSX_DEPLOYMENT_TARGET = 12.0;
				MARKETING_VERSION = 1.0;
				PRODUCT_BUNDLE_IDENTIFIER = sYamaz.RoutineTree;
				PRODUCT_NAME = RoutineTree;
				SDKROOT = macosx;
				SWIFT_EMIT_LOC_STRINGS = YES;
				SWIFT_VERSION = 5.0;
			};
			name = Release;
		};
		9318920D27369927007E2C5E /* Debug */ = {
			isa = XCBuildConfiguration;
			buildSettings = {
				ALWAYS_EMBED_SWIFT_STANDARD_LIBRARIES = YES;
				CODE_SIGN_STYLE = Automatic;
				CURRENT_PROJECT_VERSION = 1;
				DEVELOPMENT_TEAM = TQT3P76FPL;
				GENERATE_INFOPLIST_FILE = YES;
				IPHONEOS_DEPLOYMENT_TARGET = 15.0;
				LD_RUNPATH_SEARCH_PATHS = (
					"$(inherited)",
					"@executable_path/Frameworks",
					"@loader_path/Frameworks",
				);
				MARKETING_VERSION = 1.0;
				PRODUCT_BUNDLE_IDENTIFIER = "sYamaz.Tests-iOS";
				PRODUCT_NAME = "$(TARGET_NAME)";
				SDKROOT = iphoneos;
				SWIFT_EMIT_LOC_STRINGS = NO;
				SWIFT_VERSION = 5.0;
				TARGETED_DEVICE_FAMILY = "1,2";
				TEST_TARGET_NAME = "RoutineTree (iOS)";
			};
			name = Debug;
		};
		9318920E27369927007E2C5E /* Release */ = {
			isa = XCBuildConfiguration;
			buildSettings = {
				ALWAYS_EMBED_SWIFT_STANDARD_LIBRARIES = YES;
				CODE_SIGN_STYLE = Automatic;
				CURRENT_PROJECT_VERSION = 1;
				DEVELOPMENT_TEAM = TQT3P76FPL;
				GENERATE_INFOPLIST_FILE = YES;
				IPHONEOS_DEPLOYMENT_TARGET = 15.0;
				LD_RUNPATH_SEARCH_PATHS = (
					"$(inherited)",
					"@executable_path/Frameworks",
					"@loader_path/Frameworks",
				);
				MARKETING_VERSION = 1.0;
				PRODUCT_BUNDLE_IDENTIFIER = "sYamaz.Tests-iOS";
				PRODUCT_NAME = "$(TARGET_NAME)";
				SDKROOT = iphoneos;
				SWIFT_EMIT_LOC_STRINGS = NO;
				SWIFT_VERSION = 5.0;
				TARGETED_DEVICE_FAMILY = "1,2";
				TEST_TARGET_NAME = "RoutineTree (iOS)";
				VALIDATE_PRODUCT = YES;
			};
			name = Release;
		};
		9318921027369927007E2C5E /* Debug */ = {
			isa = XCBuildConfiguration;
			buildSettings = {
				ALWAYS_EMBED_SWIFT_STANDARD_LIBRARIES = YES;
				CODE_SIGN_STYLE = Automatic;
				COMBINE_HIDPI_IMAGES = YES;
				CURRENT_PROJECT_VERSION = 1;
				DEVELOPMENT_TEAM = TQT3P76FPL;
				GENERATE_INFOPLIST_FILE = YES;
				LD_RUNPATH_SEARCH_PATHS = (
					"$(inherited)",
					"@executable_path/../Frameworks",
					"@loader_path/../Frameworks",
				);
				MACOSX_DEPLOYMENT_TARGET = 12.0;
				MARKETING_VERSION = 1.0;
				PRODUCT_BUNDLE_IDENTIFIER = "sYamaz.Tests-macOS";
				PRODUCT_NAME = "$(TARGET_NAME)";
				SDKROOT = macosx;
				SWIFT_EMIT_LOC_STRINGS = NO;
				SWIFT_VERSION = 5.0;
				TEST_TARGET_NAME = "RoutineTree (macOS)";
			};
			name = Debug;
		};
		9318921127369927007E2C5E /* Release */ = {
			isa = XCBuildConfiguration;
			buildSettings = {
				ALWAYS_EMBED_SWIFT_STANDARD_LIBRARIES = YES;
				CODE_SIGN_STYLE = Automatic;
				COMBINE_HIDPI_IMAGES = YES;
				CURRENT_PROJECT_VERSION = 1;
				DEVELOPMENT_TEAM = TQT3P76FPL;
				GENERATE_INFOPLIST_FILE = YES;
				LD_RUNPATH_SEARCH_PATHS = (
					"$(inherited)",
					"@executable_path/../Frameworks",
					"@loader_path/../Frameworks",
				);
				MACOSX_DEPLOYMENT_TARGET = 12.0;
				MARKETING_VERSION = 1.0;
				PRODUCT_BUNDLE_IDENTIFIER = "sYamaz.Tests-macOS";
				PRODUCT_NAME = "$(TARGET_NAME)";
				SDKROOT = macosx;
				SWIFT_EMIT_LOC_STRINGS = NO;
				SWIFT_VERSION = 5.0;
				TEST_TARGET_NAME = "RoutineTree (macOS)";
			};
			name = Release;
		};
/* End XCBuildConfiguration section */

/* Begin XCConfigurationList section */
		931891D427369926007E2C5E /* Build configuration list for PBXProject "RoutineTree" */ = {
			isa = XCConfigurationList;
			buildConfigurations = (
				9318920427369927007E2C5E /* Debug */,
				9318920527369927007E2C5E /* Release */,
			);
			defaultConfigurationIsVisible = 0;
			defaultConfigurationName = Release;
		};
		9318920627369927007E2C5E /* Build configuration list for PBXNativeTarget "RoutineTree (iOS)" */ = {
			isa = XCConfigurationList;
			buildConfigurations = (
				9318920727369927007E2C5E /* Debug */,
				9318920827369927007E2C5E /* Release */,
			);
			defaultConfigurationIsVisible = 0;
			defaultConfigurationName = Release;
		};
		9318920927369927007E2C5E /* Build configuration list for PBXNativeTarget "RoutineTree (macOS)" */ = {
			isa = XCConfigurationList;
			buildConfigurations = (
				9318920A27369927007E2C5E /* Debug */,
				9318920B27369927007E2C5E /* Release */,
			);
			defaultConfigurationIsVisible = 0;
			defaultConfigurationName = Release;
		};
		9318920C27369927007E2C5E /* Build configuration list for PBXNativeTarget "Tests iOS" */ = {
			isa = XCConfigurationList;
			buildConfigurations = (
				9318920D27369927007E2C5E /* Debug */,
				9318920E27369927007E2C5E /* Release */,
			);
			defaultConfigurationIsVisible = 0;
			defaultConfigurationName = Release;
		};
		9318920F27369927007E2C5E /* Build configuration list for PBXNativeTarget "Tests macOS" */ = {
			isa = XCConfigurationList;
			buildConfigurations = (
				9318921027369927007E2C5E /* Debug */,
				9318921127369927007E2C5E /* Release */,
			);
			defaultConfigurationIsVisible = 0;
			defaultConfigurationName = Release;
		};
/* End XCConfigurationList section */
	};
	rootObject = 931891D127369926007E2C5E /* Project object */;
}
